
Microsoft Visual Studio Solution File, Format Version 12.00
# Visual Studio Version 16
VisualStudioVersion = 16.0.30517.126
MinimumVisualStudioVersion = 10.0.40219.1
Project("{FAE04EC0-301F-11D3-BF4B-00C04F79EFBC}") = "CalculadoraComponente", "CalculadoraComponente\CalculadoraComponente.csproj", "{CB89B606-4BDB-4055-99CA-26481D16962F}"
EndProject
Global
	GlobalSection(SolutionConfigurationPlatforms) = preSolution
		Debug|Any CPU = Debug|Any CPU
		Release|Any CPU = Release|Any CPU
	EndGlobalSection
	GlobalSection(ProjectConfigurationPlatforms) = postSolution
		{CB89B606-4BDB-4055-99CA-26481D16962F}.Debug|Any CPU.ActiveCfg = Debug|Any CPU
		{CB89B606-4BDB-4055-99CA-26481D16962F}.Debug|Any CPU.Build.0 = Debug|Any CPU
		{CB89B606-4BDB-4055-99CA-26481D16962F}.Release|Any CPU.ActiveCfg = Release|Any CPU
		{CB89B606-4BDB-4055-99CA-26481D16962F}.Release|Any CPU.Build.0 = Release|Any CPU
	EndGlobalSection
	GlobalSection(SolutionProperties) = preSolution
		HideSolutionNode = FALSE
	EndGlobalSection
	GlobalSection(ExtensibilityGlobals) = postSolution
		SolutionGuid = {EC8FB29C-446E-4F04-B827-0A0C143F79EB}
	EndGlobalSection
EndGlobal
